# THIS IS AN AUTOGENERATED FILE. DO NOT EDIT THIS FILE DIRECTLY.
# yarn lockfile v1


"@rinkkasatiainen/cfb-shell@^0.0.1":
  version "0.0.1"
  resolved "https://npm.pkg.github.com/download/@rinkkasatiainen/cfb-shell/0.0.1/ece772f33afc5c94a1fd7634d538c7f20ecebee8#ece772f33afc5c94a1fd7634d538c7f20ecebee8"
  integrity sha512-LfJ6KqTalpEmSiMwM+MfiLh4XinmIzwhykaJCzkfkmSsHmWQP4UpL2bX5jaUYYY1aKhav9V/B1mi04fZ35IqNw==
