# THIS IS AN AUTOGENERATED FILE. DO NOT EDIT THIS FILE DIRECTLY.
# yarn lockfile v1


"@rinkkasatiainen/cfb-shell@^0.0.1":
  version "0.0.1"
  resolved "https://npm.pkg.github.com/download/@rinkkasatiainen/cfb-shell/0.0.1/f7f759f25b3fc17d6595bbebb51c9a81cd193f23#f7f759f25b3fc17d6595bbebb51c9a81cd193f23"
  integrity sha512-GlUUPPt3Q8RWX0cwva3tLYLL2mQix5lgizTSz5Bl+7EDeZ3JgzeK+ItpGJpryZITT7zb/tduSdcf3UclHFwTxQ==
